{
  "name": "checkout-logger",
  "version": "0.0.2",
  "lockfileVersion": 1,
  "requires": true,
  "dependencies": {
    "@babel/code-frame": {
      "version": "7.10.4",
      "resolved": "https://oppartifactory.eficode.com/api/npm/op-npm-general/@babel/code-frame/-/code-frame-7.10.4.tgz",
      "integrity": "sha1-Fo2ho26Q2miujUnA8bSMfGJJITo=",
      "dev": true,
      "requires": {
        "@babel/highlight": "^7.10.4"
      }
    },
    "@babel/helper-validator-identifier": {
      "version": "7.10.4",
      "resolved": "https://oppartifactory.eficode.com/api/npm/op-npm-general/@babel/helper-validator-identifier/-/helper-validator-identifier-7.10.4.tgz",
      "integrity": "sha1-p4x6clHgH2FlEtMbEK3PUq2l4NI=",
      "dev": true
    },
    "@babel/highlight": {
      "version": "7.10.4",
      "resolved": "https://oppartifactory.eficode.com/api/npm/op-npm-general/@babel/highlight/-/highlight-7.10.4.tgz",
      "integrity": "sha1-fRvf1ldTU4+r5sOFls23bZrGAUM=",
      "dev": true,
      "requires": {
        "@babel/helper-validator-identifier": "^7.10.4",
        "chalk": "^2.0.0",
        "js-tokens": "^4.0.0"
      },
      "dependencies": {
        "ansi-styles": {
          "version": "3.2.1",
          "resolved": "https://oppartifactory.eficode.com/api/npm/op-npm-general/ansi-styles/-/ansi-styles-3.2.1.tgz",
          "integrity": "sha1-QfuyAkPlCxK+DwS43tvwdSDOhB0=",
          "dev": true,
          "requires": {
            "color-convert": "^1.9.0"
          }
        },
        "chalk": {
          "version": "2.4.2",
          "resolved": "https://oppartifactory.eficode.com/api/npm/op-npm-general/chalk/-/chalk-2.4.2.tgz",
          "integrity": "sha1-zUJUFnelQzPPVBpJEIwUMrRMlCQ=",
          "dev": true,
          "requires": {
            "ansi-styles": "^3.2.1",
            "escape-string-regexp": "^1.0.5",
            "supports-color": "^5.3.0"
          }
        },
        "color-convert": {
          "version": "1.9.3",
          "resolved": "https://oppartifactory.eficode.com/api/npm/op-npm-general/color-convert/-/color-convert-1.9.3.tgz",
          "integrity": "sha1-u3GFBpDh8TZWfeYp0tVHHe2kweg=",
          "dev": true,
          "requires": {
            "color-name": "1.1.3"
          }
        },
        "color-name": {
          "version": "1.1.3",
          "resolved": "https://oppartifactory.eficode.com/api/npm/op-npm-general/color-name/-/color-name-1.1.3.tgz",
          "integrity": "sha1-p9BVi9icQveV3UIyj3QIMcpTvCU=",
          "dev": true
        },
        "escape-string-regexp": {
          "version": "1.0.5",
          "resolved": "https://oppartifactory.eficode.com/api/npm/op-npm-general/escape-string-regexp/-/escape-string-regexp-1.0.5.tgz",
          "integrity": "sha1-G2HAViGQqN/2rjuyzwIAyhMLhtQ=",
          "dev": true
        },
        "has-flag": {
          "version": "3.0.0",
          "resolved": "https://oppartifactory.eficode.com/api/npm/op-npm-general/has-flag/-/has-flag-3.0.0.tgz",
          "integrity": "sha1-tdRU3CGZriJWmfNGfloH87lVuv0=",
          "dev": true
        },
        "supports-color": {
          "version": "5.5.0",
          "resolved": "https://oppartifactory.eficode.com/api/npm/op-npm-general/supports-color/-/supports-color-5.5.0.tgz",
          "integrity": "sha1-4uaaRKyHcveKHsCzW2id9lMO/I8=",
          "dev": true,
          "requires": {
            "has-flag": "^3.0.0"
          }
        }
      }
    },
    "@types/chai": {
      "version": "4.2.14",
      "resolved": "https://oppartifactory.eficode.com/api/npm/op-npm-general/@types/chai/-/chai-4.2.14.tgz",
      "integrity": "sha1-RNLdC13mGFCJN12Xa07FyvaGEZM=",
      "dev": true
    },
    "@types/mocha": {
      "version": "8.0.4",
      "resolved": "https://oppartifactory.eficode.com/api/npm/op-npm-general/@types/mocha/-/mocha-8.0.4.tgz",
      "integrity": "sha1-uEDC3ORrrPKG4je/tZop6EM5kUg=",
      "dev": true
    },
    "@types/node": {
      "version": "14.14.9",
      "resolved": "https://oppartifactory.eficode.com/api/npm/op-npm-general/@types/node/-/node-14.14.9.tgz",
      "integrity": "sha1-BK/Jolxv+T2hTeq9ZdxESFtTyNY=",
      "dev": true
    },
    "@types/uuid": {
      "version": "8.3.0",
      "resolved": "https://oppartifactory.eficode.com/api/npm/op-npm-general/@types/uuid/-/uuid-8.3.0.tgz",
      "integrity": "sha1-IVwjHf9zbVupJBDm1gIFDM5+Jz8=",
      "dev": true
    },
    "@ungap/promise-all-settled": {
      "version": "1.1.2",
      "resolved": "https://oppartifactory.eficode.com/api/npm/op-npm-general/@ungap/promise-all-settled/-/promise-all-settled-1.1.2.tgz",
      "integrity": "sha1-qlgEJxHW4ydd033Fl+XTHowpCkQ=",
      "dev": true
    },
    "ansi-colors": {
      "version": "4.1.1",
      "resolved": "https://oppartifactory.eficode.com/api/npm/op-npm-general/ansi-colors/-/ansi-colors-4.1.1.tgz",
      "integrity": "sha1-y7muJWv3UK8eqzRPIpqif+lLo0g=",
      "dev": true
    },
    "ansi-regex": {
      "version": "3.0.0",
      "resolved": "https://registry.npmjs.org/ansi-regex/-/ansi-regex-3.0.0.tgz",
      "integrity": "sha1-7QMXwyIGT3lGbAKWa922Bas32Zg=",
      "dev": true
    },
    "ansi-styles": {
      "version": "4.3.0",
      "resolved": "https://oppartifactory.eficode.com/api/npm/op-npm-general/ansi-styles/-/ansi-styles-4.3.0.tgz",
      "integrity": "sha1-7dgDYornHATIWuegkG7a00tkiTc=",
      "dev": true,
      "requires": {
        "color-convert": "^2.0.1"
      }
    },
    "anymatch": {
      "version": "3.1.1",
      "resolved": "https://oppartifactory.eficode.com/api/npm/op-npm-general/anymatch/-/anymatch-3.1.1.tgz",
      "integrity": "sha1-xV7PAhheJGklk5kxDBc84xIzsUI=",
      "dev": true,
      "requires": {
        "normalize-path": "^3.0.0",
        "picomatch": "^2.0.4"
      }
    },
    "arg": {
      "version": "4.1.3",
      "resolved": "https://oppartifactory.eficode.com/api/npm/op-npm-general/arg/-/arg-4.1.3.tgz",
      "integrity": "sha1-Jp/HrVuOQstjyJbVZmAXJhwUQIk=",
      "dev": true
    },
    "argparse": {
      "version": "1.0.10",
      "resolved": "https://oppartifactory.eficode.com/api/npm/op-npm-general/argparse/-/argparse-1.0.10.tgz",
      "integrity": "sha1-vNZ5HqWuCXJeF+WtmIE0zUCz2RE=",
      "dev": true,
      "requires": {
        "sprintf-js": "~1.0.2"
      }
    },
    "assertion-error": {
      "version": "1.1.0",
      "resolved": "https://registry.npmjs.org/assertion-error/-/assertion-error-1.1.0.tgz",
      "integrity": "sha512-jgsaNduz+ndvGyFt3uSuWqvy4lCnIJiovtouQN5JZHOKCS2QuhEdbcQHFhVksz2N2U9hXJo8odG7ETyWlEeuDw==",
      "dev": true
    },
    "balanced-match": {
      "version": "1.0.0",
      "resolved": "https://registry.npmjs.org/balanced-match/-/balanced-match-1.0.0.tgz",
      "integrity": "sha1-ibTRmasr7kneFk6gK4nORi1xt2c=",
      "dev": true
    },
    "binary-extensions": {
      "version": "2.1.0",
      "resolved": "https://oppartifactory.eficode.com/api/npm/op-npm-general/binary-extensions/-/binary-extensions-2.1.0.tgz",
      "integrity": "sha1-MPpAyef+B9vIlWeM0ocCTeokHdk=",
      "dev": true
    },
    "brace-expansion": {
      "version": "1.1.11",
      "resolved": "https://oppartifactory.eficode.com/api/npm/op-npm-general/brace-expansion/-/brace-expansion-1.1.11.tgz",
      "integrity": "sha1-PH/L9SnYcibz0vUrlm/1Jx60Qd0=",
      "dev": true,
      "requires": {
        "balanced-match": "^1.0.0",
        "concat-map": "0.0.1"
      }
    },
    "braces": {
      "version": "3.0.2",
      "resolved": "https://oppartifactory.eficode.com/api/npm/op-npm-general/braces/-/braces-3.0.2.tgz",
      "integrity": "sha1-NFThpGLujVmeI23zNs2epPiv4Qc=",
      "dev": true,
      "requires": {
        "fill-range": "^7.0.1"
      }
    },
    "browser-stdout": {
      "version": "1.3.1",
      "resolved": "https://oppartifactory.eficode.com/api/npm/op-npm-general/browser-stdout/-/browser-stdout-1.3.1.tgz",
      "integrity": "sha1-uqVZ7hTO1zRSIputcyZGfGH6vWA=",
      "dev": true
    },
    "buffer-from": {
      "version": "1.1.1",
      "resolved": "https://oppartifactory.eficode.com/api/npm/op-npm-general/buffer-from/-/buffer-from-1.1.1.tgz",
      "integrity": "sha1-MnE7wCj3XAL9txDXx7zsHyxgcO8=",
      "dev": true
    },
    "builtin-modules": {
      "version": "1.1.1",
      "resolved": "https://registry.npmjs.org/builtin-modules/-/builtin-modules-1.1.1.tgz",
      "integrity": "sha1-Jw8HbFpywC9bZaR9+Uxf46J4iS8=",
      "dev": true
    },
    "camelcase": {
      "version": "5.3.1",
      "resolved": "https://oppartifactory.eficode.com/api/npm/op-npm-general/camelcase/-/camelcase-5.3.1.tgz",
      "integrity": "sha1-48mzFWnhBoEd8kL3FXJaH0xJQyA=",
      "dev": true
    },
    "chai": {
      "version": "4.2.0",
      "resolved": "https://registry.npmjs.org/chai/-/chai-4.2.0.tgz",
      "integrity": "sha512-XQU3bhBukrOsQCuwZndwGcCVQHyZi53fQ6Ys1Fym7E4olpIqqZZhhoFJoaKVvV17lWQoXYwgWN2nF5crA8J2jw==",
      "dev": true,
      "requires": {
        "assertion-error": "^1.1.0",
        "check-error": "^1.0.2",
        "deep-eql": "^3.0.1",
        "get-func-name": "^2.0.0",
        "pathval": "^1.1.0",
        "type-detect": "^4.0.5"
      }
    },
    "chalk": {
      "version": "4.1.0",
      "resolved": "https://oppartifactory.eficode.com/api/npm/op-npm-general/chalk/-/chalk-4.1.0.tgz",
      "integrity": "sha1-ThSHCmGNni7dl92DRf2dncMVZGo=",
      "dev": true,
      "requires": {
        "ansi-styles": "^4.1.0",
        "supports-color": "^7.1.0"
      }
    },
    "check-error": {
      "version": "1.0.2",
      "resolved": "https://registry.npmjs.org/check-error/-/check-error-1.0.2.tgz",
      "integrity": "sha1-V00xLt2Iu13YkS6Sht1sCu1KrII=",
      "dev": true
    },
    "chokidar": {
      "version": "3.4.3",
      "resolved": "https://oppartifactory.eficode.com/api/npm/op-npm-general/chokidar/-/chokidar-3.4.3.tgz",
      "integrity": "sha1-wd84IxRI5FykrFiObHlXO6alfVs=",
      "dev": true,
      "requires": {
        "anymatch": "~3.1.1",
        "braces": "~3.0.2",
        "fsevents": "~2.1.2",
        "glob-parent": "~5.1.0",
        "is-binary-path": "~2.1.0",
        "is-glob": "~4.0.1",
        "normalize-path": "~3.0.0",
        "readdirp": "~3.5.0"
      }
    },
    "cliui": {
      "version": "5.0.0",
      "resolved": "https://oppartifactory.eficode.com/api/npm/op-npm-general/cliui/-/cliui-5.0.0.tgz",
      "integrity": "sha1-3u/P2y6AB4SqNPRvoI4GhRx7u8U=",
      "dev": true,
      "requires": {
        "string-width": "^3.1.0",
        "strip-ansi": "^5.2.0",
        "wrap-ansi": "^5.1.0"
      },
      "dependencies": {
        "ansi-regex": {
          "version": "4.1.0",
          "resolved": "https://oppartifactory.eficode.com/api/npm/op-npm-general/ansi-regex/-/ansi-regex-4.1.0.tgz",
          "integrity": "sha1-i5+PCM8ay4Q3Vqg5yox+MWjFGZc=",
          "dev": true
        },
        "string-width": {
          "version": "3.1.0",
          "resolved": "https://oppartifactory.eficode.com/api/npm/op-npm-general/string-width/-/string-width-3.1.0.tgz",
          "integrity": "sha1-InZ74htirxCBV0MG9prFG2IgOWE=",
          "dev": true,
          "requires": {
            "emoji-regex": "^7.0.1",
            "is-fullwidth-code-point": "^2.0.0",
            "strip-ansi": "^5.1.0"
          }
        },
        "strip-ansi": {
          "version": "5.2.0",
          "resolved": "https://oppartifactory.eficode.com/api/npm/op-npm-general/strip-ansi/-/strip-ansi-5.2.0.tgz",
          "integrity": "sha1-jJpTb+tq/JYr36WxBKUJHBrZwK4=",
          "dev": true,
          "requires": {
            "ansi-regex": "^4.1.0"
          }
        }
      }
    },
    "color-convert": {
      "version": "2.0.1",
      "resolved": "https://oppartifactory.eficode.com/api/npm/op-npm-general/color-convert/-/color-convert-2.0.1.tgz",
      "integrity": "sha1-ctOmjVmMm9s68q0ehPIdiWq9TeM=",
      "dev": true,
      "requires": {
        "color-name": "~1.1.4"
      }
    },
    "color-name": {
      "version": "1.1.4",
      "resolved": "https://oppartifactory.eficode.com/api/npm/op-npm-general/color-name/-/color-name-1.1.4.tgz",
      "integrity": "sha1-wqCah6y95pVD3m9j+jmVyCbFNqI=",
      "dev": true
    },
    "commander": {
      "version": "2.20.3",
      "resolved": "https://oppartifactory.eficode.com/api/npm/op-npm-general/commander/-/commander-2.20.3.tgz",
      "integrity": "sha1-/UhehMA+tIgcIHIrpIA16FMa6zM=",
      "dev": true
    },
    "concat-map": {
      "version": "0.0.1",
      "resolved": "https://registry.npmjs.org/concat-map/-/concat-map-0.0.1.tgz",
      "integrity": "sha1-2Klr13/Wjfd5OnMDajug1UBdR3s=",
      "dev": true
    },
    "debug": {
      "version": "4.2.0",
      "resolved": "https://oppartifactory.eficode.com/api/npm/op-npm-general/debug/-/debug-4.2.0.tgz",
      "integrity": "sha1-fxUPk5IOlMWPVXTC/QGjEQ7/5/E=",
      "dev": true,
      "requires": {
        "ms": "2.1.2"
      }
    },
    "decamelize": {
      "version": "1.2.0",
      "resolved": "https://registry.npmjs.org/decamelize/-/decamelize-1.2.0.tgz",
      "integrity": "sha1-9lNNFRSCabIDUue+4m9QH5oZEpA=",
      "dev": true
    },
    "deep-eql": {
      "version": "3.0.1",
      "resolved": "https://registry.npmjs.org/deep-eql/-/deep-eql-3.0.1.tgz",
      "integrity": "sha512-+QeIQyN5ZuO+3Uk5DYh6/1eKO0m0YmJFGNmFHGACpf1ClL1nmlV/p4gNgbl2pJGxgXb4faqo6UE+M5ACEMyVcw==",
      "dev": true,
      "requires": {
        "type-detect": "^4.0.0"
      }
    },
    "diff": {
      "version": "4.0.2",
      "resolved": "https://oppartifactory.eficode.com/api/npm/op-npm-general/diff/-/diff-4.0.2.tgz",
      "integrity": "sha1-YPOuy4nV+uUgwRqhnvwruYKq3n0=",
      "dev": true
    },
    "doctrine": {
      "version": "0.7.2",
      "resolved": "https://registry.npmjs.org/doctrine/-/doctrine-0.7.2.tgz",
      "integrity": "sha1-fLhgNZujvpDgQLJrcpzkv6ZUxSM=",
      "dev": true,
      "requires": {
        "esutils": "^1.1.6",
        "isarray": "0.0.1"
      },
      "dependencies": {
        "esutils": {
          "version": "1.1.6",
          "resolved": "https://registry.npmjs.org/esutils/-/esutils-1.1.6.tgz",
          "integrity": "sha1-wBzKqa5LiXxtDD4hCuUvPHqEQ3U=",
          "dev": true
        }
      }
    },
    "emoji-regex": {
      "version": "7.0.3",
      "resolved": "https://oppartifactory.eficode.com/api/npm/op-npm-general/emoji-regex/-/emoji-regex-7.0.3.tgz",
      "integrity": "sha1-kzoEBShgyF6DwSJHnEdIqOTHIVY=",
      "dev": true
    },
    "escape-string-regexp": {
      "version": "4.0.0",
      "resolved": "https://oppartifactory.eficode.com/api/npm/op-npm-general/escape-string-regexp/-/escape-string-regexp-4.0.0.tgz",
      "integrity": "sha1-FLqDpdNz49MR5a/KKc9b+tllvzQ=",
      "dev": true
    },
    "esprima": {
      "version": "4.0.1",
      "resolved": "https://oppartifactory.eficode.com/api/npm/op-npm-general/esprima/-/esprima-4.0.1.tgz",
      "integrity": "sha1-E7BM2z5sXRnfkatph6hpVhmwqnE=",
      "dev": true
    },
    "fill-range": {
      "version": "7.0.1",
      "resolved": "https://oppartifactory.eficode.com/api/npm/op-npm-general/fill-range/-/fill-range-7.0.1.tgz",
      "integrity": "sha1-GRmmp8df44ssfHflGYU12prN2kA=",
      "dev": true,
      "requires": {
        "to-regex-range": "^5.0.1"
      }
    },
    "find-up": {
      "version": "5.0.0",
      "resolved": "https://oppartifactory.eficode.com/api/npm/op-npm-general/find-up/-/find-up-5.0.0.tgz",
      "integrity": "sha1-TJKBnstwg1YeT0okCoa+UZj1Nvw=",
      "dev": true,
      "requires": {
        "locate-path": "^6.0.0",
        "path-exists": "^4.0.0"
      }
    },
    "flat": {
      "version": "5.0.2",
      "resolved": "https://oppartifactory.eficode.com/api/npm/op-npm-general/flat/-/flat-5.0.2.tgz",
      "integrity": "sha1-jKb+MyBp/6nTJMMnGYxZglnOskE=",
      "dev": true
    },
    "fs.realpath": {
      "version": "1.0.0",
      "resolved": "https://registry.npmjs.org/fs.realpath/-/fs.realpath-1.0.0.tgz",
      "integrity": "sha1-FQStJSMVjKpA20onh8sBQRmU6k8=",
      "dev": true
    },
    "fsevents": {
      "version": "2.1.3",
      "resolved": "https://oppartifactory.eficode.com/api/npm/op-npm-general/fsevents/-/fsevents-2.1.3.tgz",
      "integrity": "sha1-+3OHA66NL5/pAMM4Nt3r7ouX8j4=",
      "dev": true,
      "optional": true
    },
    "function-bind": {
      "version": "1.1.1",
      "resolved": "https://oppartifactory.eficode.com/api/npm/op-npm-general/function-bind/-/function-bind-1.1.1.tgz",
      "integrity": "sha1-pWiZ0+o8m6uHS7l3O3xe3pL0iV0=",
      "dev": true
    },
    "get-caller-file": {
      "version": "2.0.5",
      "resolved": "https://oppartifactory.eficode.com/api/npm/op-npm-general/get-caller-file/-/get-caller-file-2.0.5.tgz",
      "integrity": "sha1-T5RBKoLbMvNuOwuXQfipf+sDH34=",
      "dev": true
    },
    "get-func-name": {
      "version": "2.0.0",
      "resolved": "https://registry.npmjs.org/get-func-name/-/get-func-name-2.0.0.tgz",
      "integrity": "sha1-6td0q+5y4gQJQzoGY2YCPdaIekE=",
      "dev": true
    },
    "glob": {
      "version": "7.1.6",
      "resolved": "https://oppartifactory.eficode.com/api/npm/op-npm-general/glob/-/glob-7.1.6.tgz",
      "integrity": "sha1-FB8zuBp8JJLhJVlDB0gMRmeSeKY=",
      "dev": true,
      "requires": {
        "fs.realpath": "^1.0.0",
        "inflight": "^1.0.4",
        "inherits": "2",
        "minimatch": "^3.0.4",
        "once": "^1.3.0",
        "path-is-absolute": "^1.0.0"
      }
    },
    "glob-parent": {
      "version": "5.1.1",
      "resolved": "https://oppartifactory.eficode.com/api/npm/op-npm-general/glob-parent/-/glob-parent-5.1.1.tgz",
      "integrity": "sha1-tsHvQXxOVmPqSY8cRa+saRa7wik=",
      "dev": true,
      "requires": {
        "is-glob": "^4.0.1"
      }
    },
    "growl": {
      "version": "1.10.5",
      "resolved": "https://oppartifactory.eficode.com/api/npm/op-npm-general/growl/-/growl-1.10.5.tgz",
      "integrity": "sha1-8nNdwig2dPpnR4sQGBBZNVw2nl4=",
      "dev": true
    },
    "has": {
      "version": "1.0.3",
      "resolved": "https://oppartifactory.eficode.com/api/npm/op-npm-general/has/-/has-1.0.3.tgz",
      "integrity": "sha1-ci18v8H2qoJB8W3YFOAR4fQeh5Y=",
      "dev": true,
      "requires": {
        "function-bind": "^1.1.1"
      }
    },
    "has-flag": {
      "version": "4.0.0",
      "resolved": "https://oppartifactory.eficode.com/api/npm/op-npm-general/has-flag/-/has-flag-4.0.0.tgz",
      "integrity": "sha1-lEdx/ZyByBJlxNaUGGDaBrtZR5s=",
      "dev": true
    },
    "he": {
      "version": "1.2.0",
      "resolved": "https://oppartifactory.eficode.com/api/npm/op-npm-general/he/-/he-1.2.0.tgz",
      "integrity": "sha1-hK5l+n6vsWX922FWauFLrwVmTw8=",
      "dev": true
    },
    "inflight": {
      "version": "1.0.6",
      "resolved": "https://registry.npmjs.org/inflight/-/inflight-1.0.6.tgz",
      "integrity": "sha1-Sb1jMdfQLQwJvJEKEHW6gWW1bfk=",
      "dev": true,
      "requires": {
        "once": "^1.3.0",
        "wrappy": "1"
      }
    },
    "inherits": {
      "version": "2.0.4",
      "resolved": "https://oppartifactory.eficode.com/api/npm/op-npm-general/inherits/-/inherits-2.0.4.tgz",
      "integrity": "sha1-D6LGT5MpF8NDOg3tVTY6rjdBa3w=",
      "dev": true
    },
    "is-binary-path": {
      "version": "2.1.0",
      "resolved": "https://oppartifactory.eficode.com/api/npm/op-npm-general/is-binary-path/-/is-binary-path-2.1.0.tgz",
      "integrity": "sha1-6h9/O4DwZCNug0cPhsCcJU+0Wwk=",
      "dev": true,
      "requires": {
        "binary-extensions": "^2.0.0"
      }
    },
    "is-core-module": {
      "version": "2.1.0",
      "resolved": "https://oppartifactory.eficode.com/api/npm/op-npm-general/is-core-module/-/is-core-module-2.1.0.tgz",
      "integrity": "sha1-pMwDHZsaymPuy9GKZQ4Ty07quUY=",
      "dev": true,
      "requires": {
        "has": "^1.0.3"
      }
    },
    "is-extglob": {
      "version": "2.1.1",
      "resolved": "https://oppartifactory.eficode.com/api/npm/op-npm-general/is-extglob/-/is-extglob-2.1.1.tgz",
      "integrity": "sha1-qIwCU1eR8C7TfHahueqXc8gz+MI=",
      "dev": true
    },
    "is-fullwidth-code-point": {
      "version": "2.0.0",
      "resolved": "https://registry.npmjs.org/is-fullwidth-code-point/-/is-fullwidth-code-point-2.0.0.tgz",
      "integrity": "sha1-o7MKXE8ZkYMWeqq5O+764937ZU8=",
      "dev": true
    },
    "is-glob": {
      "version": "4.0.1",
      "resolved": "https://oppartifactory.eficode.com/api/npm/op-npm-general/is-glob/-/is-glob-4.0.1.tgz",
      "integrity": "sha1-dWfb6fL14kZ7x3q4PEopSCQHpdw=",
      "dev": true,
      "requires": {
        "is-extglob": "^2.1.1"
      }
    },
    "is-number": {
      "version": "7.0.0",
      "resolved": "https://oppartifactory.eficode.com/api/npm/op-npm-general/is-number/-/is-number-7.0.0.tgz",
      "integrity": "sha1-dTU0W4lnNNX4DE0GxQlVUnoU8Ss=",
      "dev": true
    },
    "is-plain-obj": {
      "version": "2.1.0",
      "resolved": "https://oppartifactory.eficode.com/api/npm/op-npm-general/is-plain-obj/-/is-plain-obj-2.1.0.tgz",
      "integrity": "sha1-ReQuN/zPH0Dajl927iFRWEDAkoc=",
      "dev": true
    },
    "isarray": {
      "version": "0.0.1",
      "resolved": "https://registry.npmjs.org/isarray/-/isarray-0.0.1.tgz",
      "integrity": "sha1-ihis/Kmo9Bd+Cav8YDiTmwXR7t8=",
      "dev": true
    },
    "isexe": {
      "version": "2.0.0",
      "resolved": "https://registry.npmjs.org/isexe/-/isexe-2.0.0.tgz",
      "integrity": "sha1-6PvzdNxVb/iUehDcsFctYz8s+hA=",
      "dev": true
    },
    "js-tokens": {
      "version": "4.0.0",
      "resolved": "https://oppartifactory.eficode.com/api/npm/op-npm-general/js-tokens/-/js-tokens-4.0.0.tgz",
      "integrity": "sha1-GSA/tZmR35jjoocFDUZHzerzJJk=",
      "dev": true
    },
    "js-yaml": {
      "version": "3.14.0",
      "resolved": "https://oppartifactory.eficode.com/api/npm/op-npm-general/js-yaml/-/js-yaml-3.14.0.tgz",
      "integrity": "sha1-p6NBcPJqIbsWJCTYray0ETpp5II=",
      "dev": true,
      "requires": {
        "argparse": "^1.0.7",
        "esprima": "^4.0.0"
      }
    },
    "locate-path": {
      "version": "6.0.0",
      "resolved": "https://oppartifactory.eficode.com/api/npm/op-npm-general/locate-path/-/locate-path-6.0.0.tgz",
      "integrity": "sha1-VTIeswn+u8WcSAHZMackUqaB0oY=",
      "dev": true,
      "requires": {
        "p-locate": "^5.0.0"
      }
    },
    "log-symbols": {
      "version": "4.0.0",
      "resolved": "https://oppartifactory.eficode.com/api/npm/op-npm-general/log-symbols/-/log-symbols-4.0.0.tgz",
      "integrity": "sha1-abPMRtIPRI7M23XqH6cz2eghySA=",
      "dev": true,
      "requires": {
        "chalk": "^4.0.0"
      }
    },
    "make-error": {
      "version": "1.3.6",
      "resolved": "https://oppartifactory.eficode.com/api/npm/op-npm-general/make-error/-/make-error-1.3.6.tgz",
      "integrity": "sha1-LrLjfqm2fEiR9oShOUeZr0hM96I=",
      "dev": true
    },
    "minimatch": {
      "version": "3.0.4",
      "resolved": "https://oppartifactory.eficode.com/api/npm/op-npm-general/minimatch/-/minimatch-3.0.4.tgz",
      "integrity": "sha1-UWbihkV/AzBgZL5Ul+jbsMPTIIM=",
      "dev": true,
      "requires": {
        "brace-expansion": "^1.1.7"
      }
    },
    "minimist": {
      "version": "1.2.5",
      "resolved": "https://oppartifactory.eficode.com/api/npm/op-npm-general/minimist/-/minimist-1.2.5.tgz",
      "integrity": "sha1-Z9ZgFLZqaoqqDAg8X9WN9OTpdgI=",
      "dev": true
    },
    "mkdirp": {
      "version": "0.5.5",
      "resolved": "https://oppartifactory.eficode.com/api/npm/op-npm-general/mkdirp/-/mkdirp-0.5.5.tgz",
      "integrity": "sha1-2Rzv1i0UNsoPQWIOJRKI1CAJne8=",
      "dev": true,
      "requires": {
        "minimist": "^1.2.5"
      }
    },
    "mocha": {
      "version": "8.2.1",
      "resolved": "https://oppartifactory.eficode.com/api/npm/op-npm-general/mocha/-/mocha-8.2.1.tgz",
      "integrity": "sha1-8vpogX7Q5TND2YnfZczTWLw6Szk=",
      "dev": true,
      "requires": {
        "@ungap/promise-all-settled": "1.1.2",
        "ansi-colors": "4.1.1",
        "browser-stdout": "1.3.1",
        "chokidar": "3.4.3",
        "debug": "4.2.0",
        "diff": "4.0.2",
        "escape-string-regexp": "4.0.0",
        "find-up": "5.0.0",
        "glob": "7.1.6",
        "growl": "1.10.5",
        "he": "1.2.0",
        "js-yaml": "3.14.0",
        "log-symbols": "4.0.0",
        "minimatch": "3.0.4",
        "ms": "2.1.2",
        "nanoid": "3.1.12",
        "serialize-javascript": "5.0.1",
        "strip-json-comments": "3.1.1",
        "supports-color": "7.2.0",
        "which": "2.0.2",
        "wide-align": "1.1.3",
        "workerpool": "6.0.2",
        "yargs": "13.3.2",
        "yargs-parser": "13.1.2",
        "yargs-unparser": "2.0.0"
      }
    },
    "ms": {
      "version": "2.1.2",
      "resolved": "https://oppartifactory.eficode.com/api/npm/op-npm-general/ms/-/ms-2.1.2.tgz",
      "integrity": "sha1-0J0fNXtEP0kzgqjrPM0YOHKuYAk=",
      "dev": true
    },
    "nanoid": {
      "version": "3.1.12",
      "resolved": "https://oppartifactory.eficode.com/api/npm/op-npm-general/nanoid/-/nanoid-3.1.12.tgz",
      "integrity": "sha1-b3c2xi6NOUIWAeSgx3YjqX6mllQ=",
      "dev": true
    },
    "normalize-path": {
      "version": "3.0.0",
      "resolved": "https://oppartifactory.eficode.com/api/npm/op-npm-general/normalize-path/-/normalize-path-3.0.0.tgz",
      "integrity": "sha1-Dc1p/yOhybEf0JeDFmRKA4ghamU=",
      "dev": true
    },
    "once": {
      "version": "1.4.0",
      "resolved": "https://registry.npmjs.org/once/-/once-1.4.0.tgz",
      "integrity": "sha1-WDsap3WWHUsROsF9nFC6753Xa9E=",
      "dev": true,
      "requires": {
        "wrappy": "1"
      }
    },
    "p-limit": {
      "version": "3.0.2",
      "resolved": "https://oppartifactory.eficode.com/api/npm/op-npm-general/p-limit/-/p-limit-3.0.2.tgz",
      "integrity": "sha1-FmTgEK88rcaBuq/T4qQ3vnsPtf4=",
      "dev": true,
      "requires": {
        "p-try": "^2.0.0"
      }
    },
    "p-locate": {
      "version": "5.0.0",
      "resolved": "https://oppartifactory.eficode.com/api/npm/op-npm-general/p-locate/-/p-locate-5.0.0.tgz",
      "integrity": "sha1-g8gxXGeFAF470CGDlBHJ4RDm2DQ=",
      "dev": true,
      "requires": {
        "p-limit": "^3.0.2"
      }
    },
    "p-try": {
      "version": "2.2.0",
      "resolved": "https://oppartifactory.eficode.com/api/npm/op-npm-general/p-try/-/p-try-2.2.0.tgz",
      "integrity": "sha1-yyhoVA4xPWHeWPr741zpAE1VQOY=",
      "dev": true
    },
    "path-exists": {
      "version": "4.0.0",
      "resolved": "https://oppartifactory.eficode.com/api/npm/op-npm-general/path-exists/-/path-exists-4.0.0.tgz",
      "integrity": "sha1-UTvb4tO5XXdi6METfvoZXGxhtbM=",
      "dev": true
    },
    "path-is-absolute": {
      "version": "1.0.1",
      "resolved": "https://registry.npmjs.org/path-is-absolute/-/path-is-absolute-1.0.1.tgz",
      "integrity": "sha1-F0uSaHNVNP+8es5r9TpanhtcX18=",
      "dev": true
    },
    "path-parse": {
      "version": "1.0.6",
      "resolved": "https://oppartifactory.eficode.com/api/npm/op-npm-general/path-parse/-/path-parse-1.0.6.tgz",
      "integrity": "sha1-1i27VnlAXXLEc37FhgDp3c8G0kw=",
      "dev": true
    },
    "pathval": {
      "version": "1.1.0",
      "resolved": "https://registry.npmjs.org/pathval/-/pathval-1.1.0.tgz",
      "integrity": "sha1-uULm1L3mUwBe9rcTYd74cn0GReA=",
      "dev": true
    },
    "picomatch": {
      "version": "2.2.2",
      "resolved": "https://oppartifactory.eficode.com/api/npm/op-npm-general/picomatch/-/picomatch-2.2.2.tgz",
      "integrity": "sha1-IfMz6ba46v8CRo9RRupAbTRfTa0=",
      "dev": true
    },
    "randombytes": {
      "version": "2.1.0",
      "resolved": "https://oppartifactory.eficode.com/api/npm/op-npm-general/randombytes/-/randombytes-2.1.0.tgz",
      "integrity": "sha1-32+ENy8CcNxlzfYpE0mrekc9Tyo=",
      "dev": true,
      "requires": {
        "safe-buffer": "^5.1.0"
      }
    },
    "readdirp": {
      "version": "3.5.0",
      "resolved": "https://oppartifactory.eficode.com/api/npm/op-npm-general/readdirp/-/readdirp-3.5.0.tgz",
      "integrity": "sha1-m6dMAZsV02UnjS6Ru4xI17TULJ4=",
      "dev": true,
      "requires": {
        "picomatch": "^2.2.1"
      }
    },
    "require-directory": {
      "version": "2.1.1",
      "resolved": "https://registry.npmjs.org/require-directory/-/require-directory-2.1.1.tgz",
      "integrity": "sha1-jGStX9MNqxyXbiNE/+f3kqam30I=",
      "dev": true
    },
    "require-main-filename": {
      "version": "2.0.0",
      "resolved": "https://oppartifactory.eficode.com/api/npm/op-npm-general/require-main-filename/-/require-main-filename-2.0.0.tgz",
      "integrity": "sha1-0LMp7MfMD2Fkn2IhW+aa9UqomJs=",
      "dev": true
    },
    "resolve": {
      "version": "1.19.0",
      "resolved": "https://oppartifactory.eficode.com/api/npm/op-npm-general/resolve/-/resolve-1.19.0.tgz",
      "integrity": "sha1-GvW/YwQJc0oGfK4pMYqsf6KaJnw=",
      "dev": true,
      "requires": {
        "is-core-module": "^2.1.0",
        "path-parse": "^1.0.6"
      }
    },
    "safe-buffer": {
      "version": "5.2.1",
      "resolved": "https://oppartifactory.eficode.com/api/npm/op-npm-general/safe-buffer/-/safe-buffer-5.2.1.tgz",
      "integrity": "sha1-Hq+fqb2x/dTsdfWPnNtOa3gn7sY=",
      "dev": true
    },
    "semver": {
      "version": "5.7.1",
      "resolved": "https://oppartifactory.eficode.com/api/npm/op-npm-general/semver/-/semver-5.7.1.tgz",
      "integrity": "sha1-qVT5Ma66UI0we78Gnv8MAclhFvc=",
      "dev": true
    },
    "serialize-javascript": {
      "version": "5.0.1",
      "resolved": "https://oppartifactory.eficode.com/api/npm/op-npm-general/serialize-javascript/-/serialize-javascript-5.0.1.tgz",
      "integrity": "sha1-eIbshIBJpGJGepfT2Rjrsqr5NPQ=",
      "dev": true,
      "requires": {
        "randombytes": "^2.1.0"
      }
    },
    "set-blocking": {
      "version": "2.0.0",
      "resolved": "https://registry.npmjs.org/set-blocking/-/set-blocking-2.0.0.tgz",
      "integrity": "sha1-BF+XgtARrppoA93TgrJDkrPYkPc=",
      "dev": true
    },
    "source-map": {
      "version": "0.6.1",
      "resolved": "https://oppartifactory.eficode.com/api/npm/op-npm-general/source-map/-/source-map-0.6.1.tgz",
      "integrity": "sha1-dHIq8y6WFOnCh6jQu95IteLxomM=",
      "dev": true
    },
    "source-map-support": {
      "version": "0.5.19",
      "resolved": "https://oppartifactory.eficode.com/api/npm/op-npm-general/source-map-support/-/source-map-support-0.5.19.tgz",
      "integrity": "sha1-qYti+G3K9PZzmWSMCFKRq56P7WE=",
      "dev": true,
      "requires": {
        "buffer-from": "^1.0.0",
        "source-map": "^0.6.0"
      }
    },
    "sprintf-js": {
      "version": "1.0.3",
      "resolved": "https://registry.npmjs.org/sprintf-js/-/sprintf-js-1.0.3.tgz",
      "integrity": "sha1-BOaSb2YolTVPPdAVIDYzuFcpfiw=",
      "dev": true
    },
    "string-width": {
      "version": "2.1.1",
      "resolved": "https://oppartifactory.eficode.com/api/npm/op-npm-general/string-width/-/string-width-2.1.1.tgz",
      "integrity": "sha1-q5Pyeo3BPSjKyBXEYhQ6bZASrp4=",
      "dev": true,
      "requires": {
        "is-fullwidth-code-point": "^2.0.0",
        "strip-ansi": "^4.0.0"
      }
    },
    "strip-ansi": {
      "version": "4.0.0",
      "resolved": "https://registry.npmjs.org/strip-ansi/-/strip-ansi-4.0.0.tgz",
      "integrity": "sha1-qEeQIusaw2iocTibY1JixQXuNo8=",
      "dev": true,
      "requires": {
        "ansi-regex": "^3.0.0"
      }
    },
    "strip-json-comments": {
      "version": "3.1.1",
      "resolved": "https://oppartifactory.eficode.com/api/npm/op-npm-general/strip-json-comments/-/strip-json-comments-3.1.1.tgz",
      "integrity": "sha1-MfEoGzgyYwQ0gxwxDAHMzajL4AY=",
      "dev": true
    },
    "supports-color": {
      "version": "7.2.0",
      "resolved": "https://oppartifactory.eficode.com/api/npm/op-npm-general/supports-color/-/supports-color-7.2.0.tgz",
      "integrity": "sha1-G33NyzK4E4gBs+R4umpRyqiWSNo=",
      "dev": true,
      "requires": {
        "has-flag": "^4.0.0"
      }
    },
    "to-regex-range": {
      "version": "5.0.1",
      "resolved": "https://oppartifactory.eficode.com/api/npm/op-npm-general/to-regex-range/-/to-regex-range-5.0.1.tgz",
      "integrity": "sha1-FkjESq58jZiKMmAY7XL1tN0DkuQ=",
      "dev": true,
      "requires": {
        "is-number": "^7.0.0"
      }
    },
    "ts-node": {
      "version": "9.0.0",
      "resolved": "https://oppartifactory.eficode.com/api/npm/op-npm-general/ts-node/-/ts-node-9.0.0.tgz",
      "integrity": "sha1-52mdKhEMyMDTuDFxXkF2iGg0YLM=",
      "dev": true,
      "requires": {
        "arg": "^4.1.0",
        "diff": "^4.0.1",
        "make-error": "^1.1.1",
        "source-map-support": "^0.5.17",
        "yn": "3.1.1"
      }
    },
    "tslib": {
      "version": "1.14.1",
      "resolved": "https://oppartifactory.eficode.com/api/npm/op-npm-general/tslib/-/tslib-1.14.1.tgz",
      "integrity": "sha1-zy04vcNKE0vK8QkcQfZhni9nLQA=",
      "dev": true
    },
    "tslint": {
      "version": "5.17.0",
      "resolved": "https://oppartifactory.eficode.com/api/npm/op-npm-general/tslint/-/tslint-5.17.0.tgz",
      "integrity": "sha1-+fDOIBHY6Q3rqm6bSXXyTNFoUrg=",
      "dev": true,
      "requires": {
        "@babel/code-frame": "^7.0.0",
        "builtin-modules": "^1.1.1",
        "chalk": "^2.3.0",
        "commander": "^2.12.1",
        "diff": "^3.2.0",
        "glob": "^7.1.1",
        "js-yaml": "^3.13.1",
        "minimatch": "^3.0.4",
        "mkdirp": "^0.5.1",
        "resolve": "^1.3.2",
        "semver": "^5.3.0",
        "tslib": "^1.8.0",
        "tsutils": "^2.29.0"
      },
      "dependencies": {
        "ansi-styles": {
          "version": "3.2.1",
          "resolved": "https://oppartifactory.eficode.com/api/npm/op-npm-general/ansi-styles/-/ansi-styles-3.2.1.tgz",
          "integrity": "sha1-QfuyAkPlCxK+DwS43tvwdSDOhB0=",
          "dev": true,
          "requires": {
            "color-convert": "^1.9.0"
          }
        },
        "chalk": {
          "version": "2.4.2",
          "resolved": "https://oppartifactory.eficode.com/api/npm/op-npm-general/chalk/-/chalk-2.4.2.tgz",
          "integrity": "sha1-zUJUFnelQzPPVBpJEIwUMrRMlCQ=",
          "dev": true,
          "requires": {
            "ansi-styles": "^3.2.1",
            "escape-string-regexp": "^1.0.5",
            "supports-color": "^5.3.0"
          }
        },
        "color-convert": {
          "version": "1.9.3",
          "resolved": "https://oppartifactory.eficode.com/api/npm/op-npm-general/color-convert/-/color-convert-1.9.3.tgz",
          "integrity": "sha1-u3GFBpDh8TZWfeYp0tVHHe2kweg=",
          "dev": true,
          "requires": {
            "color-name": "1.1.3"
          }
        },
        "color-name": {
          "version": "1.1.3",
          "resolved": "https://oppartifactory.eficode.com/api/npm/op-npm-general/color-name/-/color-name-1.1.3.tgz",
          "integrity": "sha1-p9BVi9icQveV3UIyj3QIMcpTvCU=",
          "dev": true
        },
        "diff": {
          "version": "3.5.0",
          "resolved": "https://oppartifactory.eficode.com/api/npm/op-npm-general/diff/-/diff-3.5.0.tgz",
          "integrity": "sha1-gAwN0eCov7yVg1wgKtIg/jF+WhI=",
          "dev": true
        },
        "escape-string-regexp": {
          "version": "1.0.5",
          "resolved": "https://oppartifactory.eficode.com/api/npm/op-npm-general/escape-string-regexp/-/escape-string-regexp-1.0.5.tgz",
          "integrity": "sha1-G2HAViGQqN/2rjuyzwIAyhMLhtQ=",
          "dev": true
        },
        "has-flag": {
          "version": "3.0.0",
          "resolved": "https://oppartifactory.eficode.com/api/npm/op-npm-general/has-flag/-/has-flag-3.0.0.tgz",
          "integrity": "sha1-tdRU3CGZriJWmfNGfloH87lVuv0=",
          "dev": true
        },
        "supports-color": {
          "version": "5.5.0",
          "resolved": "https://oppartifactory.eficode.com/api/npm/op-npm-general/supports-color/-/supports-color-5.5.0.tgz",
          "integrity": "sha1-4uaaRKyHcveKHsCzW2id9lMO/I8=",
          "dev": true,
          "requires": {
            "has-flag": "^3.0.0"
          }
        }
      }
    },
    "tslint-eslint-rules": {
      "version": "5.4.0",
      "resolved": "https://registry.npmjs.org/tslint-eslint-rules/-/tslint-eslint-rules-5.4.0.tgz",
      "integrity": "sha512-WlSXE+J2vY/VPgIcqQuijMQiel+UtmXS+4nvK4ZzlDiqBfXse8FAvkNnTcYhnQyOTW5KFM+uRRGXxYhFpuBc6w==",
      "dev": true,
      "requires": {
        "doctrine": "0.7.2",
        "tslib": "1.9.0",
        "tsutils": "^3.0.0"
      },
      "dependencies": {
        "tslib": {
          "version": "1.9.0",
          "resolved": "https://registry.npmjs.org/tslib/-/tslib-1.9.0.tgz",
          "integrity": "sha512-f/qGG2tUkrISBlQZEjEqoZ3B2+npJjIf04H1wuAv9iA8i04Icp+61KRXxFdha22670NJopsZCIjhC3SnjPRKrQ==",
          "dev": true
        },
        "tsutils": {
          "version": "3.0.0",
          "resolved": "https://registry.npmjs.org/tsutils/-/tsutils-3.0.0.tgz",
          "integrity": "sha512-LjHBWR0vWAUHWdIAoTjoqi56Kz+FDKBgVEuL+gVPG/Pv7QW5IdaDDeK9Txlr6U0Cmckp5EgCIq1T25qe3J6hyw==",
          "dev": true,
          "requires": {
            "tslib": "^1.8.1"
          }
        }
      }
    },
    "tslint-immutable": {
      "version": "6.0.1",
      "resolved": "https://oppartifactory.eficode.com/api/npm/op-npm-general/tslint-immutable/-/tslint-immutable-6.0.1.tgz",
      "integrity": "sha1-auP4XMPY+51GXS+akO1tbFDM0+Y=",
      "dev": true,
      "requires": {
        "tsutils": "^2.28.0 || ^3.0.0"
      }
    },
    "tsutils": {
      "version": "2.29.0",
      "resolved": "https://oppartifactory.eficode.com/api/npm/op-npm-general/tsutils/-/tsutils-2.29.0.tgz",
      "integrity": "sha1-MrSIUBRnrL7dS4VJhnOggSrKC5k=",
      "dev": true,
      "requires": {
        "tslib": "^1.8.1"
      }
    },
    "type-detect": {
      "version": "4.0.8",
      "resolved": "https://registry.npmjs.org/type-detect/-/type-detect-4.0.8.tgz",
      "integrity": "sha512-0fr/mIH1dlO+x7TlcMy+bIDqKPsw/70tVyeHW787goQjhmqaZe10uwLujubK9q9Lg6Fiho1KUKDYz0Z7k7g5/g==",
      "dev": true
    },
    "typescript": {
      "version": "4.1.2",
      "resolved": "https://oppartifactory.eficode.com/api/npm/op-npm-general/typescript/-/typescript-4.1.2.tgz",
      "integrity": "sha1-Y2nvIlFv5eEDBKrlpcSGLbVTgOk=",
      "dev": true
    },
    "uuid": {
      "version": "8.3.1",
      "resolved": "https://oppartifactory.eficode.com/api/npm/op-npm-general/uuid/-/uuid-8.3.1.tgz",
      "integrity": "sha1-K6LmygANpg/OWhlpVKskETHgWjE="
    },
    "which": {
      "version": "2.0.2",
      "resolved": "https://oppartifactory.eficode.com/api/npm/op-npm-general/which/-/which-2.0.2.tgz",
      "integrity": "sha1-fGqN0KY2oDJ+ELWckobu6T8/UbE=",
      "dev": true,
      "requires": {
        "isexe": "^2.0.0"
      }
    },
    "which-module": {
      "version": "2.0.0",
      "resolved": "https://registry.npmjs.org/which-module/-/which-module-2.0.0.tgz",
      "integrity": "sha1-2e8H3Od7mQK4o6j6SzHD4/fm6Ho=",
      "dev": true
    },
    "wide-align": {
      "version": "1.1.3",
      "resolved": "https://oppartifactory.eficode.com/api/npm/op-npm-general/wide-align/-/wide-align-1.1.3.tgz",
      "integrity": "sha1-rgdOa9wMFKQx6ATmJFScYzsABFc=",
      "dev": true,
      "requires": {
        "string-width": "^1.0.2 || 2"
      }
    },
    "workerpool": {
      "version": "6.0.2",
      "resolved": "https://oppartifactory.eficode.com/api/npm/op-npm-general/workerpool/-/workerpool-6.0.2.tgz",
      "integrity": "sha1-4kG0PY0DPxvrUseFEGlFYDnR1Dg=",
      "dev": true
    },
    "wrap-ansi": {
      "version": "5.1.0",
      "resolved": "https://oppartifactory.eficode.com/api/npm/op-npm-general/wrap-ansi/-/wrap-ansi-5.1.0.tgz",
      "integrity": "sha1-H9H2cjXVttD+54EFYAG/tpTAOwk=",
      "dev": true,
      "requires": {
        "ansi-styles": "^3.2.0",
        "string-width": "^3.0.0",
        "strip-ansi": "^5.0.0"
      },
      "dependencies": {
        "ansi-regex": {
          "version": "4.1.0",
          "resolved": "https://oppartifactory.eficode.com/api/npm/op-npm-general/ansi-regex/-/ansi-regex-4.1.0.tgz",
          "integrity": "sha1-i5+PCM8ay4Q3Vqg5yox+MWjFGZc=",
          "dev": true
        },
        "ansi-styles": {
          "version": "3.2.1",
          "resolved": "https://oppartifactory.eficode.com/api/npm/op-npm-general/ansi-styles/-/ansi-styles-3.2.1.tgz",
          "integrity": "sha1-QfuyAkPlCxK+DwS43tvwdSDOhB0=",
          "dev": true,
          "requires": {
            "color-convert": "^1.9.0"
          }
        },
        "color-convert": {
          "version": "1.9.3",
          "resolved": "https://oppartifactory.eficode.com/api/npm/op-npm-general/color-convert/-/color-convert-1.9.3.tgz",
          "integrity": "sha1-u3GFBpDh8TZWfeYp0tVHHe2kweg=",
          "dev": true,
          "requires": {
            "color-name": "1.1.3"
          }
        },
        "color-name": {
          "version": "1.1.3",
          "resolved": "https://oppartifactory.eficode.com/api/npm/op-npm-general/color-name/-/color-name-1.1.3.tgz",
          "integrity": "sha1-p9BVi9icQveV3UIyj3QIMcpTvCU=",
          "dev": true
        },
        "string-width": {
          "version": "3.1.0",
          "resolved": "https://oppartifactory.eficode.com/api/npm/op-npm-general/string-width/-/string-width-3.1.0.tgz",
          "integrity": "sha1-InZ74htirxCBV0MG9prFG2IgOWE=",
          "dev": true,
          "requires": {
            "emoji-regex": "^7.0.1",
            "is-fullwidth-code-point": "^2.0.0",
            "strip-ansi": "^5.1.0"
          }
        },
        "strip-ansi": {
          "version": "5.2.0",
          "resolved": "https://oppartifactory.eficode.com/api/npm/op-npm-general/strip-ansi/-/strip-ansi-5.2.0.tgz",
          "integrity": "sha1-jJpTb+tq/JYr36WxBKUJHBrZwK4=",
          "dev": true,
          "requires": {
            "ansi-regex": "^4.1.0"
          }
        }
      }
    },
    "wrappy": {
      "version": "1.0.2",
      "resolved": "https://registry.npmjs.org/wrappy/-/wrappy-1.0.2.tgz",
      "integrity": "sha1-tSQ9jz7BqjXxNkYFvA0QNuMKtp8=",
      "dev": true
    },
    "y18n": {
      "version": "4.0.0",
      "resolved": "https://oppartifactory.eficode.com/api/npm/op-npm-general/y18n/-/y18n-4.0.0.tgz",
      "integrity": "sha1-le+U+F7MgdAHwmThkKEg8KPIVms=",
      "dev": true
    },
    "yargs": {
      "version": "13.3.2",
      "resolved": "https://oppartifactory.eficode.com/api/npm/op-npm-general/yargs/-/yargs-13.3.2.tgz",
      "integrity": "sha1-rX/+/sGqWVZayRX4Lcyzipwxot0=",
      "dev": true,
      "requires": {
        "cliui": "^5.0.0",
        "find-up": "^3.0.0",
        "get-caller-file": "^2.0.1",
        "require-directory": "^2.1.1",
        "require-main-filename": "^2.0.0",
        "set-blocking": "^2.0.0",
        "string-width": "^3.0.0",
        "which-module": "^2.0.0",
        "y18n": "^4.0.0",
        "yargs-parser": "^13.1.2"
      },
      "dependencies": {
        "ansi-regex": {
          "version": "4.1.0",
          "resolved": "https://oppartifactory.eficode.com/api/npm/op-npm-general/ansi-regex/-/ansi-regex-4.1.0.tgz",
          "integrity": "sha1-i5+PCM8ay4Q3Vqg5yox+MWjFGZc=",
          "dev": true
        },
        "find-up": {
          "version": "3.0.0",
          "resolved": "https://oppartifactory.eficode.com/api/npm/op-npm-general/find-up/-/find-up-3.0.0.tgz",
          "integrity": "sha1-SRafHXmTQwZG2mHsxa41XCHJe3M=",
          "dev": true,
          "requires": {
            "locate-path": "^3.0.0"
          }
        },
        "locate-path": {
          "version": "3.0.0",
          "resolved": "https://oppartifactory.eficode.com/api/npm/op-npm-general/locate-path/-/locate-path-3.0.0.tgz",
          "integrity": "sha1-2+w7OrdZdYBxtY/ln8QYca8hQA4=",
          "dev": true,
          "requires": {
            "p-locate": "^3.0.0",
            "path-exists": "^3.0.0"
          }
        },
        "p-limit": {
          "version": "2.3.0",
          "resolved": "https://oppartifactory.eficode.com/api/npm/op-npm-general/p-limit/-/p-limit-2.3.0.tgz",
          "integrity": "sha1-PdM8ZHohT9//2DWTPrCG2g3CHbE=",
          "dev": true,
          "requires": {
            "p-try": "^2.0.0"
          }
        },
        "p-locate": {
          "version": "3.0.0",
          "resolved": "https://oppartifactory.eficode.com/api/npm/op-npm-general/p-locate/-/p-locate-3.0.0.tgz",
          "integrity": "sha1-Mi1poFwCZLJZl9n0DNiokasAZKQ=",
          "dev": true,
          "requires": {
            "p-limit": "^2.0.0"
          }
        },
        "path-exists": {
          "version": "3.0.0",
          "resolved": "https://oppartifactory.eficode.com/api/npm/op-npm-general/path-exists/-/path-exists-3.0.0.tgz",
          "integrity": "sha1-zg6+ql94yxiSXqfYENe1mwEP1RU=",
          "dev": true
        },
        "string-width": {
          "version": "3.1.0",
          "resolved": "https://oppartifactory.eficode.com/api/npm/op-npm-general/string-width/-/string-width-3.1.0.tgz",
          "integrity": "sha1-InZ74htirxCBV0MG9prFG2IgOWE=",
          "dev": true,
          "requires": {
            "emoji-regex": "^7.0.1",
            "is-fullwidth-code-point": "^2.0.0",
            "strip-ansi": "^5.1.0"
          }
        },
        "strip-ansi": {
          "version": "5.2.0",
          "resolved": "https://oppartifactory.eficode.com/api/npm/op-npm-general/strip-ansi/-/strip-ansi-5.2.0.tgz",
          "integrity": "sha1-jJpTb+tq/JYr36WxBKUJHBrZwK4=",
          "dev": true,
          "requires": {
            "ansi-regex": "^4.1.0"
          }
        }
      }
    },
    "yargs-parser": {
      "version": "13.1.2",
      "resolved": "https://oppartifactory.eficode.com/api/npm/op-npm-general/yargs-parser/-/yargs-parser-13.1.2.tgz",
      "integrity": "sha1-Ew8JcC667vJlDVTObj5XBvek+zg=",
      "dev": true,
      "requires": {
        "camelcase": "^5.0.0",
        "decamelize": "^1.2.0"
      }
    },
    "yargs-unparser": {
      "version": "2.0.0",
      "resolved": "https://oppartifactory.eficode.com/api/npm/op-npm-general/yargs-unparser/-/yargs-unparser-2.0.0.tgz",
      "integrity": "sha1-8TH5ImkRrl2a04xDL+gJNmwjJes=",
      "dev": true,
      "requires": {
        "camelcase": "^6.0.0",
        "decamelize": "^4.0.0",
        "flat": "^5.0.2",
        "is-plain-obj": "^2.1.0"
      },
      "dependencies": {
        "camelcase": {
          "version": "6.2.0",
          "resolved": "https://oppartifactory.eficode.com/api/npm/op-npm-general/camelcase/-/camelcase-6.2.0.tgz",
          "integrity": "sha1-kkr4gcnVJaydh/QNlk5c6pgqGAk=",
          "dev": true
        },
        "decamelize": {
          "version": "4.0.0",
          "resolved": "https://oppartifactory.eficode.com/api/npm/op-npm-general/decamelize/-/decamelize-4.0.0.tgz",
          "integrity": "sha1-qkcte/Zg6xXzSU79UxyrfypwmDc=",
          "dev": true
        }
      }
    },
    "yn": {
      "version": "3.1.1",
      "resolved": "https://oppartifactory.eficode.com/api/npm/op-npm-general/yn/-/yn-3.1.1.tgz",
      "integrity": "sha1-HodAGgnXZ8HV6rJqbkwYUYLS61A=",
      "dev": true
    }
  }
}
